Microsoft Visual Studio Solution File, Format Version 12.00
# Visual Studio Version 17
VisualStudioVersion = 17.5.2.0
MinimumVisualStudioVersion = 10.0.40219.1
Project("{FAE04EC0-301F-11D3-BF4B-00C04F79EFBC}") = "FaainexTask", "FaainexTask\FaainexTask.csproj", "{160C5F05-2343-6714-E801-987CFEE235F6}"
EndProject
Project("{FAE04EC0-301F-11D3-BF4B-00C04F79EFBC}") = "FaainexTask.Client", "FaainexTask.Client\FaainexTask.Client.csproj", "{D854FC05-5E2C-8019-922D-32AEAF38FD4F}"
EndProject
Global
	GlobalSection(SolutionConfigurationPlatforms) = preSolution
		Debug|Any CPU = Debug|Any CPU
		Release|Any CPU = Release|Any CPU
	EndGlobalSection
	GlobalSection(ProjectConfigurationPlatforms) = postSolution
		{160C5F05-2343-6714-E801-987CFEE235F6}.Debug|Any CPU.ActiveCfg = Debug|Any CPU
		{160C5F05-2343-6714-E801-987CFEE235F6}.Debug|Any CPU.Build.0 = Debug|Any CPU
		{160C5F05-2343-6714-E801-987CFEE235F6}.Release|Any CPU.ActiveCfg = Release|Any CPU
		{160C5F05-2343-6714-E801-987CFEE235F6}.Release|Any CPU.Build.0 = Release|Any CPU
		{D854FC05-5E2C-8019-922D-32AEAF38FD4F}.Debug|Any CPU.ActiveCfg = Debug|Any CPU
		{D854FC05-5E2C-8019-922D-32AEAF38FD4F}.Debug|Any CPU.Build.0 = Debug|Any CPU
		{D854FC05-5E2C-8019-922D-32AEAF38FD4F}.Release|Any CPU.ActiveCfg = Release|Any CPU
		{D854FC05-5E2C-8019-922D-32AEAF38FD4F}.Release|Any CPU.Build.0 = Release|Any CPU
	EndGlobalSection
	GlobalSection(SolutionProperties) = preSolution
		HideSolutionNode = FALSE
	EndGlobalSection
	GlobalSection(ExtensibilityGlobals) = postSolution
		SolutionGuid = {F9387898-FB47-48DC-9F66-502C4D6F3566}
	EndGlobalSection
EndGlobal
